
Microsoft Visual Studio Solution File, Format Version 12.00
Project("{2150E333-8FDC-42A3-9474-1A3956D46DE8}") = "Services", "Services", "{DCB203A1-341F-4795-890A-E4629C9586B3}"
EndProject
Project("{2150E333-8FDC-42A3-9474-1A3956D46DE8}") = "Catalog", "Catalog", "{7A5F69AB-6D7F-419A-8F44-871C8B3AF399}"
EndProject
Project("{FAE04EC0-301F-11D3-BF4B-00C04F79EFBC}") = "Catalog.API", "Services\Catalog\Catalog.API\Catalog.API.csproj", "{ADF4358B-2F50-4F47-A66C-219B5E90C785}"
EndProject
Project("{2150E333-8FDC-42A3-9474-1A3956D46DE8}") = "BuildingBlocks", "BuildingBlocks", "{D8E93EC1-DEBA-4060-8D22-8692DF401DB8}"
EndProject
Project("{FAE04EC0-301F-11D3-BF4B-00C04F79EFBC}") = "BuildingBlocks", "BuildingBlocks\BuildingBlocks\BuildingBlocks.csproj", "{50F1AFD0-9219-423E-B7EA-42D7F82E0EC0}"
EndProject
Project("{2150E333-8FDC-42A3-9474-1A3956D46DE8}") = "Basket", "Basket", "{0EEB1645-21C1-4A0A-B563-6DB1905421A4}"
EndProject
Project("{FAE04EC0-301F-11D3-BF4B-00C04F79EFBC}") = "Basket.API", "Services\Basket\Basket.API\Basket.API.csproj", "{BA2E015E-4033-4FB8-9897-57F8A6F5BF28}"
EndProject
Project("{2150E333-8FDC-42A3-9474-1A3956D46DE8}") = "Discount", "Discount", "{EE9FC806-3AA2-4975-8D4C-CE63AAD1C07C}"
EndProject
Project("{FAE04EC0-301F-11D3-BF4B-00C04F79EFBC}") = "Discount.Grpc", "Services\Discount\Discount.Grpc\Discount.Grpc.csproj", "{FED72A1E-D057-4733-B8D5-9FC63ACDB7B4}"
EndProject
Project("{2150E333-8FDC-42A3-9474-1A3956D46DE8}") = "Ordering", "Ordering", "{BC1C7343-7C0F-4CAB-B3A0-155013E48D1C}"
EndProject
Project("{FAE04EC0-301F-11D3-BF4B-00C04F79EFBC}") = "Ordering.API", "Services\Ordering\Ordering.API\Ordering.API.csproj", "{5657C04E-3E5E-45AF-BD27-3134B552AEE2}"
EndProject
Project("{FAE04EC0-301F-11D3-BF4B-00C04F79EFBC}") = "Ordering.Domain", "Services\Ordering\Ordering.Domain\Ordering.Domain.csproj", "{15E1ED5C-711D-4EDE-866E-6AB5F9E43E57}"
EndProject
Project("{FAE04EC0-301F-11D3-BF4B-00C04F79EFBC}") = "Ordering.Infrastructure", "Services\Ordering\Ordering.Infrastructure\Ordering.Infrastructure.csproj", "{F21E6476-318F-46D0-8E68-D6BC2451B984}"
EndProject
Project("{FAE04EC0-301F-11D3-BF4B-00C04F79EFBC}") = "Ordering.Application", "Services\Ordering\Ordering.Application\Ordering.Application.csproj", "{8F4AFDDC-32E2-45FF-B990-94EF24AA00B7}"
EndProject
Project("{FAE04EC0-301F-11D3-BF4B-00C04F79EFBC}") = "BuildingBlocks.Messaging", "BuildingBlocks\BuildingBlocks.Messaging\BuildingBlocks.Messaging.csproj", "{0FF4F920-907B-4FD7-A4FB-9BDF06C81BE6}"
EndProject
Global
	GlobalSection(SolutionConfigurationPlatforms) = preSolution
		Debug|Any CPU = Debug|Any CPU
		Release|Any CPU = Release|Any CPU
	EndGlobalSection
	GlobalSection(NestedProjects) = preSolution
		{7A5F69AB-6D7F-419A-8F44-871C8B3AF399} = {DCB203A1-341F-4795-890A-E4629C9586B3}
		{ADF4358B-2F50-4F47-A66C-219B5E90C785} = {7A5F69AB-6D7F-419A-8F44-871C8B3AF399}
		{50F1AFD0-9219-423E-B7EA-42D7F82E0EC0} = {D8E93EC1-DEBA-4060-8D22-8692DF401DB8}
		{0EEB1645-21C1-4A0A-B563-6DB1905421A4} = {DCB203A1-341F-4795-890A-E4629C9586B3}
		{BA2E015E-4033-4FB8-9897-57F8A6F5BF28} = {0EEB1645-21C1-4A0A-B563-6DB1905421A4}
		{EE9FC806-3AA2-4975-8D4C-CE63AAD1C07C} = {DCB203A1-341F-4795-890A-E4629C9586B3}
		{FED72A1E-D057-4733-B8D5-9FC63ACDB7B4} = {EE9FC806-3AA2-4975-8D4C-CE63AAD1C07C}
		{BC1C7343-7C0F-4CAB-B3A0-155013E48D1C} = {DCB203A1-341F-4795-890A-E4629C9586B3}
		{5657C04E-3E5E-45AF-BD27-3134B552AEE2} = {BC1C7343-7C0F-4CAB-B3A0-155013E48D1C}
		{15E1ED5C-711D-4EDE-866E-6AB5F9E43E57} = {BC1C7343-7C0F-4CAB-B3A0-155013E48D1C}
		{F21E6476-318F-46D0-8E68-D6BC2451B984} = {BC1C7343-7C0F-4CAB-B3A0-155013E48D1C}
		{8F4AFDDC-32E2-45FF-B990-94EF24AA00B7} = {BC1C7343-7C0F-4CAB-B3A0-155013E48D1C}
		{0FF4F920-907B-4FD7-A4FB-9BDF06C81BE6} = {D8E93EC1-DEBA-4060-8D22-8692DF401DB8}
	EndGlobalSection
	GlobalSection(ProjectConfigurationPlatforms) = postSolution
		{ADF4358B-2F50-4F47-A66C-219B5E90C785}.Debug|Any CPU.ActiveCfg = Debug|Any CPU
		{ADF4358B-2F50-4F47-A66C-219B5E90C785}.Release|Any CPU.ActiveCfg = Release|Any CPU
		{ADF4358B-2F50-4F47-A66C-219B5E90C785}.Release|Any CPU.Build.0 = Release|Any CPU
		{ADF4358B-2F50-4F47-A66C-219B5E90C785}.Debug|Any CPU.Build.0 = Debug|Any CPU
		{50F1AFD0-9219-423E-B7EA-42D7F82E0EC0}.Debug|Any CPU.ActiveCfg = Debug|Any CPU
		{50F1AFD0-9219-423E-B7EA-42D7F82E0EC0}.Debug|Any CPU.Build.0 = Debug|Any CPU
		{50F1AFD0-9219-423E-B7EA-42D7F82E0EC0}.Release|Any CPU.ActiveCfg = Release|Any CPU
		{50F1AFD0-9219-423E-B7EA-42D7F82E0EC0}.Release|Any CPU.Build.0 = Release|Any CPU
		{BA2E015E-4033-4FB8-9897-57F8A6F5BF28}.Debug|Any CPU.ActiveCfg = Debug|Any CPU
		{BA2E015E-4033-4FB8-9897-57F8A6F5BF28}.Debug|Any CPU.Build.0 = Debug|Any CPU
		{BA2E015E-4033-4FB8-9897-57F8A6F5BF28}.Release|Any CPU.ActiveCfg = Release|Any CPU
		{BA2E015E-4033-4FB8-9897-57F8A6F5BF28}.Release|Any CPU.Build.0 = Release|Any CPU
		{FED72A1E-D057-4733-B8D5-9FC63ACDB7B4}.Debug|Any CPU.ActiveCfg = Debug|Any CPU
		{FED72A1E-D057-4733-B8D5-9FC63ACDB7B4}.Debug|Any CPU.Build.0 = Debug|Any CPU
		{FED72A1E-D057-4733-B8D5-9FC63ACDB7B4}.Release|Any CPU.ActiveCfg = Release|Any CPU
		{FED72A1E-D057-4733-B8D5-9FC63ACDB7B4}.Release|Any CPU.Build.0 = Release|Any CPU
		{5657C04E-3E5E-45AF-BD27-3134B552AEE2}.Debug|Any CPU.ActiveCfg = Debug|Any CPU
		{5657C04E-3E5E-45AF-BD27-3134B552AEE2}.Debug|Any CPU.Build.0 = Debug|Any CPU
		{5657C04E-3E5E-45AF-BD27-3134B552AEE2}.Release|Any CPU.ActiveCfg = Release|Any CPU
		{5657C04E-3E5E-45AF-BD27-3134B552AEE2}.Release|Any CPU.Build.0 = Release|Any CPU
		{15E1ED5C-711D-4EDE-866E-6AB5F9E43E57}.Debug|Any CPU.ActiveCfg = Debug|Any CPU
		{15E1ED5C-711D-4EDE-866E-6AB5F9E43E57}.Debug|Any CPU.Build.0 = Debug|Any CPU
		{15E1ED5C-711D-4EDE-866E-6AB5F9E43E57}.Release|Any CPU.ActiveCfg = Release|Any CPU
		{15E1ED5C-711D-4EDE-866E-6AB5F9E43E57}.Release|Any CPU.Build.0 = Release|Any CPU
		{F21E6476-318F-46D0-8E68-D6BC2451B984}.Debug|Any CPU.ActiveCfg = Debug|Any CPU
		{F21E6476-318F-46D0-8E68-D6BC2451B984}.Debug|Any CPU.Build.0 = Debug|Any CPU
		{F21E6476-318F-46D0-8E68-D6BC2451B984}.Release|Any CPU.ActiveCfg = Release|Any CPU
		{F21E6476-318F-46D0-8E68-D6BC2451B984}.Release|Any CPU.Build.0 = Release|Any CPU
		{8F4AFDDC-32E2-45FF-B990-94EF24AA00B7}.Debug|Any CPU.ActiveCfg = Debug|Any CPU
		{8F4AFDDC-32E2-45FF-B990-94EF24AA00B7}.Debug|Any CPU.Build.0 = Debug|Any CPU
		{8F4AFDDC-32E2-45FF-B990-94EF24AA00B7}.Release|Any CPU.ActiveCfg = Release|Any CPU
		{8F4AFDDC-32E2-45FF-B990-94EF24AA00B7}.Release|Any CPU.Build.0 = Release|Any CPU
		{0FF4F920-907B-4FD7-A4FB-9BDF06C81BE6}.Debug|Any CPU.ActiveCfg = Debug|Any CPU
		{0FF4F920-907B-4FD7-A4FB-9BDF06C81BE6}.Debug|Any CPU.Build.0 = Debug|Any CPU
		{0FF4F920-907B-4FD7-A4FB-9BDF06C81BE6}.Release|Any CPU.ActiveCfg = Release|Any CPU
		{0FF4F920-907B-4FD7-A4FB-9BDF06C81BE6}.Release|Any CPU.Build.0 = Release|Any CPU
	EndGlobalSection
EndGlobal
